// !$*UTF8*$!
{
	archiveVersion = 1;
	classes = {
	};
	objectVersion = 77;
	objects = {

/* Begin PBXContainerItemProxy section */
		84FD83202E77B14E007AAC17 /* PBXContainerItemProxy */ = {
			isa = PBXContainerItemProxy;
			containerPortal = 84FD83012E77B14C007AAC17 /* Project object */;
			proxyType = 1;
			remoteGlobalIDString = 84FD83082E77B14C007AAC17;
			remoteInfo = QR_Bar_Code_Scanner;
		};
		84FD832A2E77B14E007AAC17 /* PBXContainerItemProxy */ = {
			isa = PBXContainerItemProxy;
			containerPortal = 84FD83012E77B14C007AAC17 /* Project object */;
			proxyType = 1;
			remoteGlobalIDString = 84FD83082E77B14C007AAC17;
			remoteInfo = QR_Bar_Code_Scanner;
		};
/* End PBXContainerItemProxy section */

/* Begin PBXFileReference section */
		84FD83092E77B14C007AAC17 /* QR_Bar_Code_Scanner.app */ = {isa = PBXFileReference; explicitFileType = wrapper.application; includeInIndex = 0; path = QR_Bar_Code_Scanner.app; sourceTree = BUILT_PRODUCTS_DIR; };
		84FD831F2E77B14E007AAC17 /* QR_Bar_Code_ScannerTests.xctest */ = {isa = PBXFileReference; explicitFileType = wrapper.cfbundle; includeInIndex = 0; path = QR_Bar_Code_ScannerTests.xctest; sourceTree = BUILT_PRODUCTS_DIR; };
		84FD83292E77B14E007AAC17 /* QR_Bar_Code_ScannerUITests.xctest */ = {isa = PBXFileReference; explicitFileType = wrapper.cfbundle; includeInIndex = 0; path = QR_Bar_Code_ScannerUITests.xctest; sourceTree = BUILT_PRODUCTS_DIR; };
/* End PBXFileReference section */

/* Begin PBXFileSystemSynchronizedBuildFileExceptionSet section */
		84FD83312E77B14E007AAC17 /* Exceptions for "QR_Bar_Code_Scanner" folder in "QR_Bar_Code_Scanner" target */ = {
			isa = PBXFileSystemSynchronizedBuildFileExceptionSet;
			membershipExceptions = (
				Info.plist,
			);
			target = 84FD83082E77B14C007AAC17 /* QR_Bar_Code_Scanner */;
		};
/* End PBXFileSystemSynchronizedBuildFileExceptionSet section */

/* Begin PBXFileSystemSynchronizedRootGroup section */
		84FD830B2E77B14C007AAC17 /* QR_Bar_Code_Scanner */ = {
			isa = PBXFileSystemSynchronizedRootGroup;
			exceptions = (
				84FD83312E77B14E007AAC17 /* Exceptions for "QR_Bar_Code_Scanner" folder in "QR_Bar_Code_Scanner" target */,
			);
			path = QR_Bar_Code_Scanner;
			sourceTree = "<group>";
		};
		84FD83222E77B14E007AAC17 /* QR_Bar_Code_ScannerTests */ = {
			isa = PBXFileSystemSynchronizedRootGroup;
			path = QR_Bar_Code_ScannerTests;
			sourceTree = "<group>";
		};
		84FD832C2E77B14E007AAC17 /* QR_Bar_Code_ScannerUITests */ = {
			isa = PBXFileSystemSynchronizedRootGroup;
			path = QR_Bar_Code_ScannerUITests;
			sourceTree = "<group>";
		};
/* End PBXFileSystemSynchronizedRootGroup section */

/* Begin PBXFrameworksBuildPhase section */
		84FD83062E77B14C007AAC17 /* Frameworks */ = {
			isa = PBXFrameworksBuildPhase;
			buildActionMask = 2147483647;
			files = (
			);
			runOnlyForDeploymentPostprocessing = 0;
		};
		84FD831C2E77B14E007AAC17 /* Frameworks */ = {
			isa = PBXFrameworksBuildPhase;
			buildActionMask = 2147483647;
			files = (
			);
			runOnlyForDeploymentPostprocessing = 0;
		};
		84FD83262E77B14E007AAC17 /* Frameworks */ = {
			isa = PBXFrameworksBuildPhase;
			buildActionMask = 2147483647;
			files = (
			);
			runOnlyForDeploymentPostprocessing = 0;
		};
/* End PBXFrameworksBuildPhase section */

/* Begin PBXGroup section */
		84FD83002E77B14C007AAC17 = {
			isa = PBXGroup;
			children = (
				84FD830B2E77B14C007AAC17 /* QR_Bar_Code_Scanner */,
				84FD83222E77B14E007AAC17 /* QR_Bar_Code_ScannerTests */,
				84FD832C2E77B14E007AAC17 /* QR_Bar_Code_ScannerUITests */,
				84FD830A2E77B14C007AAC17 /* Products */,
			);
			sourceTree = "<group>";
		};
		84FD830A2E77B14C007AAC17 /* Products */ = {
			isa = PBXGroup;
			children = (
				84FD83092E77B14C007AAC17 /* QR_Bar_Code_Scanner.app */,
				84FD831F2E77B14E007AAC17 /* QR_Bar_Code_ScannerTests.xctest */,
				84FD83292E77B14E007AAC17 /* QR_Bar_Code_ScannerUITests.xctest */,
			);
			name = Products;
			sourceTree = "<group>";
		};
/* End PBXGroup section */

/* Begin PBXNativeTarget section */
		84FD83082E77B14C007AAC17 /* QR_Bar_Code_Scanner */ = {
			isa = PBXNativeTarget;
			buildConfigurationList = 84FD83322E77B14E007AAC17 /* Build configuration list for PBXNativeTarget "QR_Bar_Code_Scanner" */;
			buildPhases = (
				84FD83052E77B14C007AAC17 /* Sources */,
				84FD83062E77B14C007AAC17 /* Frameworks */,
				84FD83072E77B14C007AAC17 /* Resources */,
			);
			buildRules = (
			);
			dependencies = (
			);
			fileSystemSynchronizedGroups = (
				84FD830B2E77B14C007AAC17 /* QR_Bar_Code_Scanner */,
			);
			name = QR_Bar_Code_Scanner;
			packageProductDependencies = (
			);
			productName = QR_Bar_Code_Scanner;
			productReference = 84FD83092E77B14C007AAC17 /* QR_Bar_Code_Scanner.app */;
			productType = "com.apple.product-type.application";
		};
		84FD831E2E77B14E007AAC17 /* QR_Bar_Code_ScannerTests */ = {
			isa = PBXNativeTarget;
			buildConfigurationList = 84FD83372E77B14E007AAC17 /* Build configuration list for PBXNativeTarget "QR_Bar_Code_ScannerTests" */;
			buildPhases = (
				84FD831B2E77B14E007AAC17 /* Sources */,
				84FD831C2E77B14E007AAC17 /* Frameworks */,
				84FD831D2E77B14E007AAC17 /* Resources */,
			);
			buildRules = (
			);
			dependencies = (
				84FD83212E77B14E007AAC17 /* PBXTargetDependency */,
			);
			fileSystemSynchronizedGroups = (
				84FD83222E77B14E007AAC17 /* QR_Bar_Code_ScannerTests */,
			);
			name = QR_Bar_Code_ScannerTests;
			packageProductDependencies = (
			);
			productName = QR_Bar_Code_ScannerTests;
			productReference = 84FD831F2E77B14E007AAC17 /* QR_Bar_Code_ScannerTests.xctest */;
			productType = "com.apple.product-type.bundle.unit-test";
		};
		84FD83282E77B14E007AAC17 /* QR_Bar_Code_ScannerUITests */ = {
			isa = PBXNativeTarget;
			buildConfigurationList = 84FD833A2E77B14E007AAC17 /* Build configuration list for PBXNativeTarget "QR_Bar_Code_ScannerUITests" */;
			buildPhases = (
				84FD83252E77B14E007AAC17 /* Sources */,
				84FD83262E77B14E007AAC17 /* Frameworks */,
				84FD83272E77B14E007AAC17 /* Resources */,
			);
			buildRules = (
			);
			dependencies = (
				84FD832B2E77B14E007AAC17 /* PBXTargetDependency */,
			);
			fileSystemSynchronizedGroups = (
				84FD832C2E77B14E007AAC17 /* QR_Bar_Code_ScannerUITests */,
			);
			name = QR_Bar_Code_ScannerUITests;
			packageProductDependencies = (
			);
			productName = QR_Bar_Code_ScannerUITests;
			productReference = 84FD83292E77B14E007AAC17 /* QR_Bar_Code_ScannerUITests.xctest */;
			productType = "com.apple.product-type.bundle.ui-testing";
		};
/* End PBXNativeTarget section */

/* Begin PBXProject section */
		84FD83012E77B14C007AAC17 /* Project object */ = {
			isa = PBXProject;
			attributes = {
				BuildIndependentTargetsInParallel = 1;
				LastSwiftUpdateCheck = 1640;
				LastUpgradeCheck = 1640;
				TargetAttributes = {
					84FD83082E77B14C007AAC17 = {
						CreatedOnToolsVersion = 16.4;
					};
					84FD831E2E77B14E007AAC17 = {
						CreatedOnToolsVersion = 16.4;
						TestTargetID = 84FD83082E77B14C007AAC17;
					};
					84FD83282E77B14E007AAC17 = {
						CreatedOnToolsVersion = 16.4;
						TestTargetID = 84FD83082E77B14C007AAC17;
					};
				};
			};
			buildConfigurationList = 84FD83042E77B14C007AAC17 /* Build configuration list for PBXProject "QR_Bar_Code_Scanner" */;
			developmentRegion = en;
			hasScannedForEncodings = 0;
			knownRegions = (
				en,
				Base,
			);
			mainGroup = 84FD83002E77B14C007AAC17;
			minimizedProjectReferenceProxies = 1;
			preferredProjectObjectVersion = 77;
			productRefGroup = 84FD830A2E77B14C007AAC17 /* Products */;
			projectDirPath = "";
			projectRoot = "";
			targets = (
				84FD83082E77B14C007AAC17 /* QR_Bar_Code_Scanner */,
				84FD831E2E77B14E007AAC17 /* QR_Bar_Code_ScannerTests */,
				84FD83282E77B14E007AAC17 /* QR_Bar_Code_ScannerUITests */,
			);
		};
/* End PBXProject section */

/* Begin PBXResourcesBuildPhase section */
		84FD83072E77B14C007AAC17 /* Resources */ = {
			isa = PBXResourcesBuildPhase;
			buildActionMask = 2147483647;
			files = (
			);
			runOnlyForDeploymentPostprocessing = 0;
		};
		84FD831D2E77B14E007AAC17 /* Resources */ = {
			isa = PBXResourcesBuildPhase;
			buildActionMask = 2147483647;
			files = (
			);
			runOnlyForDeploymentPostprocessing = 0;
		};
		84FD83272E77B14E007AAC17 /* Resources */ = {
			isa = PBXResourcesBuildPhase;
			buildActionMask = 2147483647;
			files = (
			);
			runOnlyForDeploymentPostprocessing = 0;
		};
/* End PBXResourcesBuildPhase section */

/* Begin PBXSourcesBuildPhase section */
		84FD83052E77B14C007AAC17 /* Sources */ = {
			isa = PBXSourcesBuildPhase;
			buildActionMask = 2147483647;
			files = (
			);
			runOnlyForDeploymentPostprocessing = 0;
		};
		84FD831B2E77B14E007AAC17 /* Sources */ = {
			isa = PBXSourcesBuildPhase;
			buildActionMask = 2147483647;
			files = (
			);
			runOnlyForDeploymentPostprocessing = 0;
		};
		84FD83252E77B14E007AAC17 /* Sources */ = {
			isa = PBXSourcesBuildPhase;
			buildActionMask = 2147483647;
			files = (
			);
			runOnlyForDeploymentPostprocessing = 0;
		};
/* End PBXSourcesBuildPhase section */

/* Begin PBXTargetDependency section */
		84FD83212E77B14E007AAC17 /* PBXTargetDependency */ = {
			isa = PBXTargetDependency;
			target = 84FD83082E77B14C007AAC17 /* QR_Bar_Code_Scanner */;
			targetProxy = 84FD83202E77B14E007AAC17 /* PBXContainerItemProxy */;
		};
		84FD832B2E77B14E007AAC17 /* PBXTargetDependency */ = {
			isa = PBXTargetDependency;
			target = 84FD83082E77B14C007AAC17 /* QR_Bar_Code_Scanner */;
			targetProxy = 84FD832A2E77B14E007AAC17 /* PBXContainerItemProxy */;
		};
/* End PBXTargetDependency section */

/* Begin XCBuildConfiguration section */
		84FD83332E77B14E007AAC17 /* Debug */ = {
			isa = XCBuildConfiguration;
			buildSettings = {
				ASSETCATALOG_COMPILER_APPICON_NAME = AppIcon;
				ASSETCATALOG_COMPILER_GLOBAL_ACCENT_COLOR_NAME = AccentColor;
				CODE_SIGN_STYLE = Automatic;
				CURRENT_PROJECT_VERSION = 1;
				DEVELOPMENT_TEAM = 74U32DPQ4T;
				GENERATE_INFOPLIST_FILE = YES;
				INFOPLIST_FILE = QR_Bar_Code_Scanner/Info.plist;
				INFOPLIST_KEY_UIApplicationSupportsIndirectInputEvents = YES;
				INFOPLIST_KEY_UILaunchStoryboardName = LaunchScreen;
				INFOPLIST_KEY_UIMainStoryboardFile = Main;
				INFOPLIST_KEY_UISupportedInterfaceOrientations_iPad = "UIInterfaceOrientationPortrait UIInterfaceOrientationPortraitUpsideDown UIInterfaceOrientationLandscapeLeft UIInterfaceOrientationLandscapeRight";
				INFOPLIST_KEY_UISupportedInterfaceOrientations_iPhone = "UIInterfaceOrientationPortrait UIInterfaceOrientationLandscapeLeft UIInterfaceOrientationLandscapeRight";
				LD_RUNPATH_SEARCH_PATHS = (
					"$(inherited)",
					"@executable_path/Frameworks",
				);
				MARKETING_VERSION = 1.0;
				PRODUCT_BUNDLE_IDENTIFIER = "abc.QR-Bar-Code-Scanner";
				PRODUCT_NAME = "$(TARGET_NAME)";
				SWIFT_EMIT_LOC_STRINGS = YES;
				SWIFT_VERSION = 5.0;
				TARGETED_DEVICE_FAMILY = "1,2";
			};
			name = Debug;
		};
		84FD83342E77B14E007AAC17 /* Release */ = {
			isa = XCBuildConfiguration;
			buildSettings = {
				ASSETCATALOG_COMPILER_APPICON_NAME = AppIcon;
				ASSETCATALOG_COMPILER_GLOBAL_ACCENT_COLOR_NAME = AccentColor;
				CODE_SIGN_STYLE = Automatic;
				CURRENT_PROJECT_VERSION = 1;
				DEVELOPMENT_TEAM = 74U32DPQ4T;
				GENERATE_INFOPLIST_FILE = YES;
				INFOPLIST_FILE = QR_Bar_Code_Scanner/Info.plist;
				INFOPLIST_KEY_UIApplicationSupportsIndirectInputEvents = YES;
				INFOPLIST_KEY_UILaunchStoryboardName = LaunchScreen;
				INFOPLIST_KEY_UIMainStoryboardFile = Main;
				INFOPLIST_KEY_UISupportedInterfaceOrientations_iPad = "UIInterfaceOrientationPortrait UIInterfaceOrientationPortraitUpsideDown UIInterfaceOrientationLandscapeLeft UIInterfaceOrientationLandscapeRight";
				INFOPLIST_KEY_UISupportedInterfaceOrientations_iPhone = "UIInterfaceOrientationPortrait UIInterfaceOrientationLandscapeLeft UIInterfaceOrientationLandscapeRight";
				LD_RUNPATH_SEARCH_PATHS = (
					"$(inherited)",
					"@executable_path/Frameworks",
				);
				MARKETING_VERSION = 1.0;
				PRODUCT_BUNDLE_IDENTIFIER = "abc.QR-Bar-Code-Scanner";
				PRODUCT_NAME = "$(TARGET_NAME)";
				SWIFT_EMIT_LOC_STRINGS = YES;
				SWIFT_VERSION = 5.0;
				TARGETED_DEVICE_FAMILY = "1,2";
			};
			name = Release;
		};
		84FD83352E77B14E007AAC17 /* Debug */ = {
			isa = XCBuildConfiguration;
			buildSettings = {
				ALWAYS_SEARCH_USER_PATHS = NO;
				ASSETCATALOG_COMPILER_GENERATE_SWIFT_ASSET_SYMBOL_EXTENSIONS = YES;
				CLANG_ANALYZER_NONNULL = YES;
				CLANG_ANALYZER_NUMBER_OBJECT_CONVERSION = YES_AGGRESSIVE;
				CLANG_CXX_LANGUAGE_STANDARD = "gnu++20";
				CLANG_ENABLE_MODULES = YES;
				CLANG_ENABLE_OBJC_ARC = YES;
				CLANG_ENABLE_OBJC_WEAK = YES;
				CLANG_WARN_BLOCK_CAPTURE_AUTORELEASING = YES;
				CLANG_WARN_BOOL_CONVERSION = YES;
				CLANG_WARN_COMMA = YES;
				CLANG_WARN_CONSTANT_CONVERSION = YES;
				CLANG_WARN_DEPRECATED_OBJC_IMPLEMENTATIONS = YES;
				CLANG_WARN_DIRECT_OBJC_ISA_USAGE = YES_ERROR;
				CLANG_WARN_DOCUMENTATION_COMMENTS = YES;
				CLANG_WARN_EMPTY_BODY = YES;
				CLANG_WARN_ENUM_CONVERSION = YES;
				CLANG_WARN_INFINITE_RECURSION = YES;
				CLANG_WARN_INT_CONVERSION = YES;
				CLANG_WARN_NON_LITERAL_NULL_CONVERSION = YES;
				CLANG_WARN_OBJC_IMPLICIT_RETAIN_SELF = YES;
				CLANG_WARN_OBJC_LITERAL_CONVERSION = YES;
				CLANG_WARN_OBJC_ROOT_CLASS = YES_ERROR;
				CLANG_WARN_QUOTED_INCLUDE_IN_FRAMEWORK_HEADER = YES;
				CLANG_WARN_RANGE_LOOP_ANALYSIS = YES;
				CLANG_WARN_STRICT_PROTOTYPES = YES;
				CLANG_WARN_SUSPICIOUS_MOVE = YES;
				CLANG_WARN_UNGUARDED_AVAILABILITY = YES_AGGRESSIVE;
				CLANG_WARN_UNREACHABLE_CODE = YES;
				CLANG_WARN__DUPLICATE_METHOD_MATCH = YES;
				COPY_PHASE_STRIP = NO;
				DEBUG_INFORMATION_FORMAT = dwarf;
				DEVELOPMENT_TEAM = 74U32DPQ4T;
				ENABLE_STRICT_OBJC_MSGSEND = YES;
				ENABLE_TESTABILITY = YES;
				ENABLE_USER_SCRIPT_SANDBOXING = YES;
				GCC_C_LANGUAGE_STANDARD = gnu17;
				GCC_DYNAMIC_NO_PIC = NO;
				GCC_NO_COMMON_BLOCKS = YES;
				GCC_OPTIMIZATION_LEVEL = 0;
				GCC_PREPROCESSOR_DEFINITIONS = (
					"DEBUG=1",
					"$(inherited)",
				);
				GCC_WARN_64_TO_32_BIT_CONVERSION = YES;
				GCC_WARN_ABOUT_RETURN_TYPE = YES_ERROR;
				GCC_WARN_UNDECLARED_SELECTOR = YES;
				GCC_WARN_UNINITIALIZED_AUTOS = YES_AGGRESSIVE;
				GCC_WARN_UNUSED_FUNCTION = YES;
				GCC_WARN_UNUSED_VARIABLE = YES;
				IPHONEOS_DEPLOYMENT_TARGET = 18.5;
				LOCALIZATION_PREFERS_STRING_CATALOGS = YES;
				MTL_ENABLE_DEBUG_INFO = INCLUDE_SOURCE;
				MTL_FAST_MATH = YES;
				ONLY_ACTIVE_ARCH = YES;
				SDKROOT = iphoneos;
				SWIFT_ACTIVE_COMPILATION_CONDITIONS = "DEBUG $(inherited)";
				SWIFT_OPTIMIZATION_LEVEL = "-Onone";
			};
			name = Debug;
		};
		84FD83362E77B14E007AAC17 /* Release */ = {
			isa = XCBuildConfiguration;
			buildSettings = {
				ALWAYS_SEARCH_USER_PATHS = NO;
				ASSETCATALOG_COMPILER_GENERATE_SWIFT_ASSET_SYMBOL_EXTENSIONS = YES;
				CLANG_ANALYZER_NONNULL = YES;
				CLANG_ANALYZER_NUMBER_OBJECT_CONVERSION = YES_AGGRESSIVE;
				CLANG_CXX_LANGUAGE_STANDARD = "gnu++20";
				CLANG_ENABLE_MODULES = YES;
				CLANG_ENABLE_OBJC_ARC = YES;
				CLANG_ENABLE_OBJC_WEAK = YES;
				CLANG_WARN_BLOCK_CAPTURE_AUTORELEASING = YES;
				CLANG_WARN_BOOL_CONVERSION = YES;
				CLANG_WARN_COMMA = YES;
				CLANG_WARN_CONSTANT_CONVERSION = YES;
				CLANG_WARN_DEPRECATED_OBJC_IMPLEMENTATIONS = YES;
				CLANG_WARN_DIRECT_OBJC_ISA_USAGE = YES_ERROR;
				CLANG_WARN_DOCUMENTATION_COMMENTS = YES;
				CLANG_WARN_EMPTY_BODY = YES;
				CLANG_WARN_ENUM_CONVERSION = YES;
				CLANG_WARN_INFINITE_RECURSION = YES;
				CLANG_WARN_INT_CONVERSION = YES;
				CLANG_WARN_NON_LITERAL_NULL_CONVERSION = YES;
				CLANG_WARN_OBJC_IMPLICIT_RETAIN_SELF = YES;
				CLANG_WARN_OBJC_LITERAL_CONVERSION = YES;
				CLANG_WARN_OBJC_ROOT_CLASS = YES_ERROR;
				CLANG_WARN_QUOTED_INCLUDE_IN_FRAMEWORK_HEADER = YES;
				CLANG_WARN_RANGE_LOOP_ANALYSIS = YES;
				CLANG_WARN_STRICT_PROTOTYPES = YES;
				CLANG_WARN_SUSPICIOUS_MOVE = YES;
				CLANG_WARN_UNGUARDED_AVAILABILITY = YES_AGGRESSIVE;
				CLANG_WARN_UNREACHABLE_CODE = YES;
				CLANG_WARN__DUPLICATE_METHOD_MATCH = YES;
				COPY_PHASE_STRIP = NO;
				DEBUG_INFORMATION_FORMAT = "dwarf-with-dsym";
				DEVELOPMENT_TEAM = 74U32DPQ4T;
				ENABLE_NS_ASSERTIONS = NO;
				ENABLE_STRICT_OBJC_MSGSEND = YES;
				ENABLE_USER_SCRIPT_SANDBOXING = YES;
				GCC_C_LANGUAGE_STANDARD = gnu17;
				GCC_NO_COMMON_BLOCKS = YES;
				GCC_WARN_64_TO_32_BIT_CONVERSION = YES;
				GCC_WARN_ABOUT_RETURN_TYPE = YES_ERROR;
				GCC_WARN_UNDECLARED_SELECTOR = YES;
				GCC_WARN_UNINITIALIZED_AUTOS = YES_AGGRESSIVE;
				GCC_WARN_UNUSED_FUNCTION = YES;
				GCC_WARN_UNUSED_VARIABLE = YES;
				IPHONEOS_DEPLOYMENT_TARGET = 18.5;
				LOCALIZATION_PREFERS_STRING_CATALOGS = YES;
				MTL_ENABLE_DEBUG_INFO = NO;
				MTL_FAST_MATH = YES;
				SDKROOT = iphoneos;
				SWIFT_COMPILATION_MODE = wholemodule;
				VALIDATE_PRODUCT = YES;
			};
			name = Release;
		};
		84FD83382E77B14E007AAC17 /* Debug */ = {
			isa = XCBuildConfiguration;
			buildSettings = {
				BUNDLE_LOADER = "$(TEST_HOST)";
				CODE_SIGN_STYLE = Automatic;
				CURRENT_PROJECT_VERSION = 1;
				DEVELOPMENT_TEAM = 74U32DPQ4T;
				GENERATE_INFOPLIST_FILE = YES;
				IPHONEOS_DEPLOYMENT_TARGET = 18.5;
				MARKETING_VERSION = 1.0;
				PRODUCT_BUNDLE_IDENTIFIER = "abc.QR-Bar-Code-ScannerTests";
				PRODUCT_NAME = "$(TARGET_NAME)";
				SWIFT_EMIT_LOC_STRINGS = NO;
				SWIFT_VERSION = 5.0;
				TARGETED_DEVICE_FAMILY = "1,2";
				TEST_HOST = "$(BUILT_PRODUCTS_DIR)/QR_Bar_Code_Scanner.app/$(BUNDLE_EXECUTABLE_FOLDER_PATH)/QR_Bar_Code_Scanner";
			};
			name = Debug;
		};
		84FD83392E77B14E007AAC17 /* Release */ = {
			isa = XCBuildConfiguration;
			buildSettings = {
				BUNDLE_LOADER = "$(TEST_HOST)";
				CODE_SIGN_STYLE = Automatic;
				CURRENT_PROJECT_VERSION = 1;
				DEVELOPMENT_TEAM = 74U32DPQ4T;
				GENERATE_INFOPLIST_FILE = YES;
				IPHONEOS_DEPLOYMENT_TARGET = 18.5;
				MARKETING_VERSION = 1.0;
				PRODUCT_BUNDLE_IDENTIFIER = "abc.QR-Bar-Code-ScannerTests";
				PRODUCT_NAME = "$(TARGET_NAME)";
				SWIFT_EMIT_LOC_STRINGS = NO;
				SWIFT_VERSION = 5.0;
				TARGETED_DEVICE_FAMILY = "1,2";
				TEST_HOST = "$(BUILT_PRODUCTS_DIR)/QR_Bar_Code_Scanner.app/$(BUNDLE_EXECUTABLE_FOLDER_PATH)/QR_Bar_Code_Scanner";
			};
			name = Release;
		};
		84FD833B2E77B14E007AAC17 /* Debug */ = {
			isa = XCBuildConfiguration;
			buildSettings = {
				CODE_SIGN_STYLE = Automatic;
				CURRENT_PROJECT_VERSION = 1;
				DEVELOPMENT_TEAM = 74U32DPQ4T;
				GENERATE_INFOPLIST_FILE = YES;
				MARKETING_VERSION = 1.0;
				PRODUCT_BUNDLE_IDENTIFIER = "abc.QR-Bar-Code-ScannerUITests";
				PRODUCT_NAME = "$(TARGET_NAME)";
				SWIFT_EMIT_LOC_STRINGS = NO;
				SWIFT_VERSION = 5.0;
				TARGETED_DEVICE_FAMILY = "1,2";
				TEST_TARGET_NAME = QR_Bar_Code_Scanner;
			};
			name = Debug;
		};
		84FD833C2E77B14E007AAC17 /* Release */ = {
			isa = XCBuildConfiguration;
			buildSettings = {
				CODE_SIGN_STYLE = Automatic;
				CURRENT_PROJECT_VERSION = 1;
				DEVELOPMENT_TEAM = 74U32DPQ4T;
				GENERATE_INFOPLIST_FILE = YES;
				MARKETING_VERSION = 1.0;
				PRODUCT_BUNDLE_IDENTIFIER = "abc.QR-Bar-Code-ScannerUITests";
				PRODUCT_NAME = "$(TARGET_NAME)";
				SWIFT_EMIT_LOC_STRINGS = NO;
				SWIFT_VERSION = 5.0;
				TARGETED_DEVICE_FAMILY = "1,2";
				TEST_TARGET_NAME = QR_Bar_Code_Scanner;
			};
			name = Release;
		};
/* End XCBuildConfiguration section */

/* Begin XCConfigurationList section */
		84FD83042E77B14C007AAC17 /* Build configuration list for PBXProject "QR_Bar_Code_Scanner" */ = {
			isa = XCConfigurationList;
			buildConfigurations = (
				84FD83352E77B14E007AAC17 /* Debug */,
				84FD83362E77B14E007AAC17 /* Release */,
			);
			defaultConfigurationIsVisible = 0;
			defaultConfigurationName = Release;
		};
		84FD83322E77B14E007AAC17 /* Build configuration list for PBXNativeTarget "QR_Bar_Code_Scanner" */ = {
			isa = XCConfigurationList;
			buildConfigurations = (
				84FD83332E77B14E007AAC17 /* Debug */,
				84FD83342E77B14E007AAC17 /* Release */,
			);
			defaultConfigurationIsVisible = 0;
			defaultConfigurationName = Release;
		};
		84FD83372E77B14E007AAC17 /* Build configuration list for PBXNativeTarget "QR_Bar_Code_ScannerTests" */ = {
			isa = XCConfigurationList;
			buildConfigurations = (
				84FD83382E77B14E007AAC17 /* Debug */,
				84FD83392E77B14E007AAC17 /* Release */,
			);
			defaultConfigurationIsVisible = 0;
			defaultConfigurationName = Release;
		};
		84FD833A2E77B14E007AAC17 /* Build configuration list for PBXNativeTarget "QR_Bar_Code_ScannerUITests" */ = {
			isa = XCConfigurationList;
			buildConfigurations = (
				84FD833B2E77B14E007AAC17 /* Debug */,
				84FD833C2E77B14E007AAC17 /* Release */,
			);
			defaultConfigurationIsVisible = 0;
			defaultConfigurationName = Release;
		};
/* End XCConfigurationList section */
	};
	rootObject = 84FD83012E77B14C007AAC17 /* Project object */;
}
